
Microsoft Visual Studio Solution File, Format Version 12.00
# Visual Studio 15
VisualStudioVersion = 15.0.26510.0
MinimumVisualStudioVersion = 10.0.40219.1
Project("{FAE04EC0-301F-11D3-BF4B-00C04F79EFBC}") = "DAL", "DAL\DAL.csproj", "{4041C630-47FF-4925-B295-F34B55D5BA4D}"
EndProject
Project("{FAE04EC0-301F-11D3-BF4B-00C04F79EFBC}") = "TestApp", "TestApp\TestApp.csproj", "{E4ECE96A-2098-4615-A42A-BBAE0B51666A}"
EndProject
Project("{FAE04EC0-301F-11D3-BF4B-00C04F79EFBC}") = "WebApp", "WebApp\WebApp.csproj", "{314426F4-F7AE-4814-8B0B-FE8A0F58A649}"
EndProject
Global
	GlobalSection(SolutionConfigurationPlatforms) = preSolution
		Debug|Any CPU = Debug|Any CPU
		Release|Any CPU = Release|Any CPU
	EndGlobalSection
	GlobalSection(ProjectConfigurationPlatforms) = postSolution
		{4041C630-47FF-4925-B295-F34B55D5BA4D}.Debug|Any CPU.ActiveCfg = Debug|Any CPU
		{4041C630-47FF-4925-B295-F34B55D5BA4D}.Debug|Any CPU.Build.0 = Debug|Any CPU
		{4041C630-47FF-4925-B295-F34B55D5BA4D}.Release|Any CPU.ActiveCfg = Release|Any CPU
		{4041C630-47FF-4925-B295-F34B55D5BA4D}.Release|Any CPU.Build.0 = Release|Any CPU
		{E4ECE96A-2098-4615-A42A-BBAE0B51666A}.Debug|Any CPU.ActiveCfg = Debug|Any CPU
		{E4ECE96A-2098-4615-A42A-BBAE0B51666A}.Debug|Any CPU.Build.0 = Debug|Any CPU
		{E4ECE96A-2098-4615-A42A-BBAE0B51666A}.Release|Any CPU.ActiveCfg = Release|Any CPU
		{E4ECE96A-2098-4615-A42A-BBAE0B51666A}.Release|Any CPU.Build.0 = Release|Any CPU
		{314426F4-F7AE-4814-8B0B-FE8A0F58A649}.Debug|Any CPU.ActiveCfg = Debug|Any CPU
		{314426F4-F7AE-4814-8B0B-FE8A0F58A649}.Debug|Any CPU.Build.0 = Debug|Any CPU
		{314426F4-F7AE-4814-8B0B-FE8A0F58A649}.Release|Any CPU.ActiveCfg = Release|Any CPU
		{314426F4-F7AE-4814-8B0B-FE8A0F58A649}.Release|Any CPU.Build.0 = Release|Any CPU
	EndGlobalSection
	GlobalSection(SolutionProperties) = preSolution
		HideSolutionNode = FALSE
	EndGlobalSection
EndGlobal
